{
  "version": 4,
  "terraform_version": "0.12.3",
  "serial": 79,
  "lineage": "ebfe51db-4087-bbf8-ef4e-c542a8b301f0",
  "outputs": {
    "UbuntuNode_priv_ip": {
      "value": [
        "172.31.16.174"
      ],
      "type": [
        "tuple",
        [
          "string"
        ]
      ]
    },
    "UbuntuNode_pub_ip": {
      "value": [
        "13.233.231.222"
      ],
      "type": [
        "tuple",
        [
          "string"
        ]
      ]
    },
    "WindowsNode_priv_ip": {
      "value": [
        "172.31.17.26"
      ],
      "type": [
        "tuple",
        [
          "string"
        ]
      ]
    },
    "WindowsNode_pub_ip": {
      "value": [
        "13.235.95.119"
      ],
      "type": [
        "tuple",
        [
          "string"
        ]
      ]
    },
    "acs_priv_ip": {
      "value": [
        "172.31.25.102"
      ],
      "type": [
        "tuple",
        [
          "string"
        ]
      ]
    },
    "acs_pub_ip": {
      "value": [
        "13.233.81.139"
      ],
      "type": [
        "tuple",
        [
          "string"
        ]
      ]
    },
    "centosNode_priv_ip": {
      "value": [
        "172.31.29.174"
      ],
      "type": [
        "tuple",
        [
          "string"
        ]
      ]
    },
    "centosNode_pub_ip": {
      "value": [
        "13.232.142.168"
      ],
      "type": [
        "tuple",
        [
          "string"
        ]
      ]
    }
  },
  "resources": [
    {
      "mode": "data",
      "type": "template_file",
      "name": "node1",
      "provider": "provider.template",
      "instances": [
        {
          "schema_version": 0,
          "attributes": {
            "filename": null,
            "id": "24c61d37e320936b1d49c12a7728b3b051ebf82ccc4cb33989904c3062952b23",
            "rendered": "---\nansible_ssh_host: 172.31.29.174",
            "template": "---\nansible_ssh_host: ${centos_node_private_address}",
            "vars": {
              "centos_node_private_address": "172.31.29.174"
            }
          },
          "depends_on": [
            "aws_instance.Centos-Node"
          ]
        }
      ]
    },
    {
      "mode": "data",
      "type": "template_file",
      "name": "node2",
      "provider": "provider.template",
      "instances": [
        {
          "schema_version": 0,
          "attributes": {
            "filename": null,
            "id": "cc6a3808ccb27abc559cbbd6343b70a7b90fea09d1cce1eb6bb894cd0a997172",
            "rendered": "---\nansible_ssh_host: 172.31.16.174",
            "template": "---\nansible_ssh_host: ${ubuntu_node_private_address}",
            "vars": {
              "ubuntu_node_private_address": "172.31.16.174"
            }
          },
          "depends_on": [
            "aws_instance.Ubuntu-Node"
          ]
        }
      ]
    },
    {
      "mode": "data",
      "type": "template_file",
      "name": "node3",
      "provider": "provider.template",
      "instances": [
        {
          "schema_version": 0,
          "attributes": {
            "filename": null,
            "id": "1959134c1ee84a43904a7458df7a8b65e8007423f590de72e10bf0b606795467",
            "rendered": "---\nansible_host: 172.31.17.26\nansible_password: m%J2LuD.K5UREsOszn=lVwS-mO(zsjLS",
            "template": "---\nansible_host: ${windows_node_private_address}\nansible_password: ${windows_password}",
            "vars": {
              "windows_node_private_address": "172.31.17.26",
              "windows_password": "m%J2LuD.K5UREsOszn=lVwS-mO(zsjLS"
            }
          },
          "depends_on": [
            "aws_instance.Windows-Node"
          ]
        }
      ]
    },
    {
      "mode": "managed",
      "type": "aws_instance",
      "name": "ACS",
      "provider": "provider.aws",
      "instances": [
        {
          "schema_version": 1,
          "attributes": {
            "ami": "ami-02e60be79e78fef21",
            "arn": "arn:aws:ec2:ap-south-1:304370290957:instance/i-01b8de915941548d5",
            "associate_public_ip_address": true,
            "availability_zone": "ap-south-1a",
            "cpu_core_count": 1,
            "cpu_threads_per_core": 1,
            "credit_specification": [
              {
                "cpu_credits": "standard"
              }
            ],
            "disable_api_termination": false,
            "ebs_block_device": [],
            "ebs_optimized": false,
            "ephemeral_block_device": [],
            "get_password_data": false,
            "host_id": null,
            "iam_instance_profile": "",
            "id": "i-01b8de915941548d5",
            "instance_initiated_shutdown_behavior": null,
            "instance_state": "running",
            "instance_type": "t2.micro",
            "ipv6_address_count": 0,
            "ipv6_addresses": [],
            "key_name": "acsKeyPair",
            "monitoring": false,
            "network_interface": [],
            "network_interface_id": null,
            "password_data": "",
            "placement_group": "",
            "primary_network_interface_id": "eni-09bc4ad05f21f2c53",
            "private_dns": "ip-172-31-25-102.ap-south-1.compute.internal",
            "private_ip": "172.31.25.102",
            "public_dns": "ec2-13-233-81-139.ap-south-1.compute.amazonaws.com",
            "public_ip": "13.233.81.139",
            "root_block_device": [
              {
                "delete_on_termination": false,
                "iops": 100,
                "volume_id": "vol-09cfef7999eb93023",
                "volume_size": 8,
                "volume_type": "gp2"
              }
            ],
            "security_groups": [
              "acsSG"
            ],
            "source_dest_check": true,
            "subnet_id": "subnet-588a5131",
            "tags": {
              "Name": "ACS"
            },
            "tenancy": "default",
            "timeouts": null,
            "user_data": null,
            "user_data_base64": null,
            "volume_tags": {},
            "vpc_security_group_ids": [
              "sg-03224699bf0fce72b"
            ]
          },
          "private": "eyJlMmJmYjczMC1lY2FhLTExZTYtOGY4OC0zNDM2M2JjN2M0YzAiOnsiY3JlYXRlIjo2MDAwMDAwMDAwMDAsImRlbGV0ZSI6MTIwMDAwMDAwMDAwMCwidXBkYXRlIjo2MDAwMDAwMDAwMDB9LCJzY2hlbWFfdmVyc2lvbiI6IjEifQ==",
          "depends_on": [
            "aws_instance.Windows-Node",
            "aws_key_pair.acsKeyPair",
            "aws_security_group.acs-sg",
            "data.template_file.node1",
            "data.template_file.node2",
            "data.template_file.node3"
          ]
        }
      ]
    },
    {
      "mode": "managed",
      "type": "aws_instance",
      "name": "Centos-Node",
      "provider": "provider.aws",
      "instances": [
        {
          "schema_version": 1,
          "attributes": {
            "ami": "ami-02e60be79e78fef21",
            "arn": "arn:aws:ec2:ap-south-1:304370290957:instance/i-0b0b4f340de2c2216",
            "associate_public_ip_address": true,
            "availability_zone": "ap-south-1a",
            "cpu_core_count": 1,
            "cpu_threads_per_core": 1,
            "credit_specification": [
              {
                "cpu_credits": "standard"
              }
            ],
            "disable_api_termination": false,
            "ebs_block_device": [],
            "ebs_optimized": false,
            "ephemeral_block_device": [],
            "get_password_data": false,
            "host_id": null,
            "iam_instance_profile": "",
            "id": "i-0b0b4f340de2c2216",
            "instance_initiated_shutdown_behavior": null,
            "instance_state": "running",
            "instance_type": "t2.micro",
            "ipv6_address_count": 0,
            "ipv6_addresses": [],
            "key_name": "centosKeyPair",
            "monitoring": false,
            "network_interface": [],
            "network_interface_id": null,
            "password_data": "",
            "placement_group": "",
            "primary_network_interface_id": "eni-0f6b47ef286acc8ac",
            "private_dns": "ip-172-31-29-174.ap-south-1.compute.internal",
            "private_ip": "172.31.29.174",
            "public_dns": "ec2-13-232-142-168.ap-south-1.compute.amazonaws.com",
            "public_ip": "13.232.142.168",
            "root_block_device": [
              {
                "delete_on_termination": false,
                "iops": 100,
                "volume_id": "vol-00fbfffcc9f6d8272",
                "volume_size": 8,
                "volume_type": "gp2"
              }
            ],
            "security_groups": [
              "CentosNodeSG"
            ],
            "source_dest_check": true,
            "subnet_id": "subnet-588a5131",
            "tags": {
              "Name": "CentosNode",
              "OS": "Centos"
            },
            "tenancy": "default",
            "timeouts": null,
            "user_data": null,
            "user_data_base64": null,
            "volume_tags": {},
            "vpc_security_group_ids": [
              "sg-0eeeebe87350e0ef1"
            ]
          },
          "private": "eyJlMmJmYjczMC1lY2FhLTExZTYtOGY4OC0zNDM2M2JjN2M0YzAiOnsiY3JlYXRlIjo2MDAwMDAwMDAwMDAsImRlbGV0ZSI6MTIwMDAwMDAwMDAwMCwidXBkYXRlIjo2MDAwMDAwMDAwMDB9LCJzY2hlbWFfdmVyc2lvbiI6IjEifQ==",
          "depends_on": [
            "aws_key_pair.centosKeyPair",
            "aws_security_group.centos-sg"
          ]
        }
      ]
    },
    {
      "mode": "managed",
      "type": "aws_instance",
      "name": "Ubuntu-Node",
      "provider": "provider.aws",
      "instances": [
        {
          "schema_version": 1,
          "attributes": {
            "ami": "ami-04125d804acca5692",
            "arn": "arn:aws:ec2:ap-south-1:304370290957:instance/i-096cae38437a070a9",
            "associate_public_ip_address": true,
            "availability_zone": "ap-south-1a",
            "cpu_core_count": 1,
            "cpu_threads_per_core": 1,
            "credit_specification": [
              {
                "cpu_credits": "standard"
              }
            ],
            "disable_api_termination": false,
            "ebs_block_device": [],
            "ebs_optimized": false,
            "ephemeral_block_device": [],
            "get_password_data": false,
            "host_id": null,
            "iam_instance_profile": "",
            "id": "i-096cae38437a070a9",
            "instance_initiated_shutdown_behavior": null,
            "instance_state": "running",
            "instance_type": "t2.micro",
            "ipv6_address_count": 0,
            "ipv6_addresses": [],
            "key_name": "ubuntuKeyPair",
            "monitoring": false,
            "network_interface": [],
            "network_interface_id": null,
            "password_data": "",
            "placement_group": "",
            "primary_network_interface_id": "eni-0f72f5e48a94e361b",
            "private_dns": "ip-172-31-16-174.ap-south-1.compute.internal",
            "private_ip": "172.31.16.174",
            "public_dns": "ec2-13-233-231-222.ap-south-1.compute.amazonaws.com",
            "public_ip": "13.233.231.222",
            "root_block_device": [
              {
                "delete_on_termination": true,
                "iops": 100,
                "volume_id": "vol-06910dfc6bf9d148f",
                "volume_size": 8,
                "volume_type": "gp2"
              }
            ],
            "security_groups": [
              "UbuntuNodeSG"
            ],
            "source_dest_check": true,
            "subnet_id": "subnet-588a5131",
            "tags": {
              "Name": "UbuntuNode",
              "OS": "Ubuntu"
            },
            "tenancy": "default",
            "timeouts": null,
            "user_data": null,
            "user_data_base64": null,
            "volume_tags": {},
            "vpc_security_group_ids": [
              "sg-09ab5c70e7a25dda9"
            ]
          },
          "private": "eyJlMmJmYjczMC1lY2FhLTExZTYtOGY4OC0zNDM2M2JjN2M0YzAiOnsiY3JlYXRlIjo2MDAwMDAwMDAwMDAsImRlbGV0ZSI6MTIwMDAwMDAwMDAwMCwidXBkYXRlIjo2MDAwMDAwMDAwMDB9LCJzY2hlbWFfdmVyc2lvbiI6IjEifQ==",
          "depends_on": [
            "aws_key_pair.ubuntuKeyPair",
            "aws_security_group.ubuntu-sg"
          ]
        }
      ]
    },
    {
      "mode": "managed",
      "type": "aws_instance",
      "name": "Windows-Node",
      "provider": "provider.aws",
      "instances": [
        {
          "schema_version": 1,
          "attributes": {
            "ami": "ami-09a8de20f12de517c",
            "arn": "arn:aws:ec2:ap-south-1:304370290957:instance/i-00c76a6f73fba26ed",
            "associate_public_ip_address": true,
            "availability_zone": "ap-south-1a",
            "cpu_core_count": 2,
            "cpu_threads_per_core": 1,
            "credit_specification": [
              {
                "cpu_credits": "standard"
              }
            ],
            "disable_api_termination": false,
            "ebs_block_device": [],
            "ebs_optimized": false,
            "ephemeral_block_device": [],
            "get_password_data": true,
            "host_id": null,
            "iam_instance_profile": "",
            "id": "i-00c76a6f73fba26ed",
            "instance_initiated_shutdown_behavior": null,
            "instance_state": "running",
            "instance_type": "t2.medium",
            "ipv6_address_count": 0,
            "ipv6_addresses": [],
            "key_name": "windowsKeyPair",
            "monitoring": false,
            "network_interface": [],
            "network_interface_id": null,
            "password_data": "Fs45iQCjlQocvmJ6D6JldYLOMfr8rgLGA1DHtftsvmZfILddqre0+dKo9jfB0AZemHsw5q7U4dR+aeM6Hk1WLRyejXmtk+7m7QpF6B2y4l/YzjDWokAbe8wFNyuYR/UnfYO+hW4KD2oJr94Wk1AwXlo/Jy7yQqvtASVKFf2h5wuhtUUfJxOO7xy6RpiuV2TBrIsKI7SmvOV1i43nDNRoRUSpDXRlc3NAsxcrL5pW/Stwa6f4HB+xbt/XqlgRuFL+KBfr4Sd5TGA4hD/AQf0XVJHZhuq8VGIybAzxq//5vHPLz/KeOtNNmjM3iz/gd48APDZ3+1RA+2XWP/M2OK/EDw==",
            "placement_group": "",
            "primary_network_interface_id": "eni-0ad4d1d3409b827e8",
            "private_dns": "ip-172-31-17-26.ap-south-1.compute.internal",
            "private_ip": "172.31.17.26",
            "public_dns": "ec2-13-235-95-119.ap-south-1.compute.amazonaws.com",
            "public_ip": "13.235.95.119",
            "root_block_device": [
              {
                "delete_on_termination": true,
                "iops": 100,
                "volume_id": "vol-0078bf5007d6a1d07",
                "volume_size": 30,
                "volume_type": "gp2"
              }
            ],
            "security_groups": [
              "WindowsNodeSG"
            ],
            "source_dest_check": true,
            "subnet_id": "subnet-588a5131",
            "tags": {
              "Name": "WindowsNode",
              "OS": "Windows"
            },
            "tenancy": "default",
            "timeouts": null,
            "user_data": "844eb8ec01b877bd3ea893e135f4d53b70303783",
            "user_data_base64": null,
            "volume_tags": {},
            "vpc_security_group_ids": [
              "sg-0b1edaeaa1bcde694"
            ]
          },
          "private": "eyJlMmJmYjczMC1lY2FhLTExZTYtOGY4OC0zNDM2M2JjN2M0YzAiOnsiY3JlYXRlIjo2MDAwMDAwMDAwMDAsImRlbGV0ZSI6MTIwMDAwMDAwMDAwMCwidXBkYXRlIjo2MDAwMDAwMDAwMDB9LCJzY2hlbWFfdmVyc2lvbiI6IjEifQ==",
          "depends_on": [
            "aws_key_pair.windowsKeyPair",
            "aws_security_group.windows-sg"
          ]
        }
      ]
    },
    {
      "mode": "managed",
      "type": "aws_key_pair",
      "name": "acsKeyPair",
      "provider": "provider.aws",
      "instances": [
        {
          "schema_version": 1,
          "attributes": {
            "fingerprint": "96:9b:c0:2e:78:cd:c6:ea:56:b6:b1:76:09:8a:b3:25",
            "id": "acsKeyPair",
            "key_name": "acsKeyPair",
            "key_name_prefix": null,
            "public_key": "ssh-rsa AAAAB3NzaC1yc2EAAAADAQABAAABAQCiHD8YcuuUtuG493/ajlbz8lLVusir3z+Q8EXLlPLH+ISugcar7V0n0VDptef5Fp00A9Jcd3VytOFxKw6j3BkYVnXqCL0zRX6k8IkLIIyCD6ilU2kItmQ22LGKPY5zVBDHBUD58XjQIG0MKioqozV1a2Dp3r75tnUmCkdq0R9haCm24jEWpWI8+DQCtdjwjm0wUpnbQJy6cV+Np2Nq/SQxXFJUwn7cv5Hh0n7Cr8ZlU8dyLcBvD2RkdZ8DIPS6wpLrJnj44w1PJe+qbxh5sRK29gFXujdFoCHltWg/gva/3s9bPOjUV6CUZRuFaUb9LDQzjKl0zyg1uoM6mskU6s57 7000019933@Sonys-MacBook-Pro.local"
          },
          "private": "eyJzY2hlbWFfdmVyc2lvbiI6IjEifQ=="
        }
      ]
    },
    {
      "mode": "managed",
      "type": "aws_key_pair",
      "name": "centosKeyPair",
      "provider": "provider.aws",
      "instances": [
        {
          "schema_version": 1,
          "attributes": {
            "fingerprint": "67:73:27:8a:f4:01:dc:17:ef:a6:fa:d1:6f:4e:1c:ec",
            "id": "centosKeyPair",
            "key_name": "centosKeyPair",
            "key_name_prefix": null,
            "public_key": "ssh-rsa AAAAB3NzaC1yc2EAAAADAQABAAABAQDQ1wYB4B2plwjGRmwpD8sOFrp8Jza89A+slFrdtJMxbTozlcDwlkp/tft4pWBVsoRZl7JKQywXMmIUYU26HO4yhpoy6yFyt/RuLsl9/+0uo2w7uaTqL2iGfa9wJ2UBtTPbRTUhdlzIZbE685tahIykA1Fd+mTA5tSeLChMMxPUxJlZ/xmeY/P6s081lfrPvNWKVzcAi7yWCRHJBpE7Js8dvPIJ1Ueh3IK5GW0mJ7QHA3/i71qgB0fULfrDFtTU2WCkP6r84/Rpw5hsW98DvhO12gRpj6vNhGYUqBQjbfgN4ow7IXzznS9aC0Dhsl2IyG46FjUrhVxRqMjkEKX6bCuj 7000019933@Sonys-MacBook-Pro.local"
          },
          "private": "eyJzY2hlbWFfdmVyc2lvbiI6IjEifQ=="
        }
      ]
    },
    {
      "mode": "managed",
      "type": "aws_key_pair",
      "name": "ubuntuKeyPair",
      "provider": "provider.aws",
      "instances": [
        {
          "schema_version": 1,
          "attributes": {
            "fingerprint": "90:89:a1:f2:bc:bf:78:3a:db:ae:ab:f7:b9:69:9b:dd",
            "id": "ubuntuKeyPair",
            "key_name": "ubuntuKeyPair",
            "key_name_prefix": null,
            "public_key": "ssh-rsa AAAAB3NzaC1yc2EAAAADAQABAAABAQDuVEx4uROU2ZBU10MMESQn7ecQHWH4qA9mi6z1FjnIToLwsbyVjWjbDYsZ0jeDEfJweu1oz3buJ8Z9i1SCFx+t1JoB/UtVQdB4tfbjKXeDyjPRDIS/jRPjpIwpSWcgMVWgWrQQTDw7ilHnjLrNDUXQR8Npp6ljfBZomd82Sr6GVn7Mu25+ivB4yyU8PM0YEYtYVAtx1nqslnkByvjO6HMPPZgIoghJ2Pjw7AJxKbiQqtLnrUq1GCi68JKVlnH7D5Jk9PeSuCLaC53HivjpEGGhGfxEW28X+mhF8LtHlvgIkiIcO4814QGuBzv2zNYNKIlidrUfNLD3/PsIf7R5JE1n 7000019933@Sonys-MacBook-Pro.local"
          },
          "private": "eyJzY2hlbWFfdmVyc2lvbiI6IjEifQ=="
        }
      ]
    },
    {
      "mode": "managed",
      "type": "aws_key_pair",
      "name": "windowsKeyPair",
      "provider": "provider.aws",
      "instances": [
        {
          "schema_version": 1,
          "attributes": {
            "fingerprint": "b3:3c:cf:dc:7e:a8:ec:bb:4c:4e:35:ff:aa:2a:8a:c0",
            "id": "windowsKeyPair",
            "key_name": "windowsKeyPair",
            "key_name_prefix": null,
            "public_key": "ssh-rsa AAAAB3NzaC1yc2EAAAADAQABAAABAQDToGRcTzPmGHkQDyJvbvl29LhgsVydyXTEzC1KjjNvHRBtLZGFydVm3H2t90WKaUx1ciu+m1+IEFcIREnfPogNJrfRKwTKeCsJ+EoJP37uwX730B70Y755a36NyvfrwZ+WUF6fosZs9j3rv7ADNMLSL4Y+CstdVsZtbgd8fFBA8pKkrnThGkQtpzc1jTCWsE9o4HtqmGRtKIGXjp7XINp/WUZ7oHRrlTDc/2D0ehJgD08UJUWPJADc+PB39qt7STOU0W1iPbIN79mi755lp1/YrOOZS0t3zDMnUZOaqI4Zcyh4enKvyMtOSX/o0hbaqqzUVVxjo4zLOf6sT1NY5qCV 7000019933@Sonys-MacBook-Pro.local"
          },
          "private": "eyJzY2hlbWFfdmVyc2lvbiI6IjEifQ=="
        }
      ]
    },
    {
      "mode": "managed",
      "type": "aws_security_group",
      "name": "acs-sg",
      "provider": "provider.aws",
      "instances": [
        {
          "schema_version": 1,
          "attributes": {
            "arn": "arn:aws:ec2:ap-south-1:304370290957:security-group/sg-03224699bf0fce72b",
            "description": "Security group for Ansible Controler Server",
            "egress": [],
            "id": "sg-03224699bf0fce72b",
            "ingress": [],
            "name": "acsSG",
            "name_prefix": null,
            "owner_id": "304370290957",
            "revoke_rules_on_delete": false,
            "tags": {
              "Name": "acsSG"
            },
            "timeouts": null,
            "vpc_id": "vpc-2000df49"
          },
          "private": "eyJlMmJmYjczMC1lY2FhLTExZTYtOGY4OC0zNDM2M2JjN2M0YzAiOnsiY3JlYXRlIjo2MDAwMDAwMDAwMDAsImRlbGV0ZSI6NjAwMDAwMDAwMDAwfSwic2NoZW1hX3ZlcnNpb24iOiIxIn0="
        }
      ]
    },
    {
      "mode": "managed",
      "type": "aws_security_group",
      "name": "centos-sg",
      "provider": "provider.aws",
      "instances": [
        {
          "schema_version": 1,
          "attributes": {
            "arn": "arn:aws:ec2:ap-south-1:304370290957:security-group/sg-0eeeebe87350e0ef1",
            "description": "Security group for Centos Node",
            "egress": [],
            "id": "sg-0eeeebe87350e0ef1",
            "ingress": [],
            "name": "CentosNodeSG",
            "name_prefix": null,
            "owner_id": "304370290957",
            "revoke_rules_on_delete": false,
            "tags": {
              "Name": "CentosNodeSG"
            },
            "timeouts": null,
            "vpc_id": "vpc-2000df49"
          },
          "private": "eyJlMmJmYjczMC1lY2FhLTExZTYtOGY4OC0zNDM2M2JjN2M0YzAiOnsiY3JlYXRlIjo2MDAwMDAwMDAwMDAsImRlbGV0ZSI6NjAwMDAwMDAwMDAwfSwic2NoZW1hX3ZlcnNpb24iOiIxIn0="
        }
      ]
    },
    {
      "mode": "managed",
      "type": "aws_security_group",
      "name": "ubuntu-sg",
      "provider": "provider.aws",
      "instances": [
        {
          "schema_version": 1,
          "attributes": {
            "arn": "arn:aws:ec2:ap-south-1:304370290957:security-group/sg-09ab5c70e7a25dda9",
            "description": "Security group for Ubuntu Node",
            "egress": [],
            "id": "sg-09ab5c70e7a25dda9",
            "ingress": [],
            "name": "UbuntuNodeSG",
            "name_prefix": null,
            "owner_id": "304370290957",
            "revoke_rules_on_delete": false,
            "tags": {
              "Name": "UbuntuNodeSG"
            },
            "timeouts": null,
            "vpc_id": "vpc-2000df49"
          },
          "private": "eyJlMmJmYjczMC1lY2FhLTExZTYtOGY4OC0zNDM2M2JjN2M0YzAiOnsiY3JlYXRlIjo2MDAwMDAwMDAwMDAsImRlbGV0ZSI6NjAwMDAwMDAwMDAwfSwic2NoZW1hX3ZlcnNpb24iOiIxIn0="
        }
      ]
    },
    {
      "mode": "managed",
      "type": "aws_security_group",
      "name": "windows-sg",
      "provider": "provider.aws",
      "instances": [
        {
          "schema_version": 1,
          "attributes": {
            "arn": "arn:aws:ec2:ap-south-1:304370290957:security-group/sg-0b1edaeaa1bcde694",
            "description": "Security group for Windows Node",
            "egress": [],
            "id": "sg-0b1edaeaa1bcde694",
            "ingress": [],
            "name": "WindowsNodeSG",
            "name_prefix": null,
            "owner_id": "304370290957",
            "revoke_rules_on_delete": false,
            "tags": {
              "Name": "WindowsNodeSG"
            },
            "timeouts": null,
            "vpc_id": "vpc-2000df49"
          },
          "private": "eyJlMmJmYjczMC1lY2FhLTExZTYtOGY4OC0zNDM2M2JjN2M0YzAiOnsiY3JlYXRlIjo2MDAwMDAwMDAwMDAsImRlbGV0ZSI6NjAwMDAwMDAwMDAwfSwic2NoZW1hX3ZlcnNpb24iOiIxIn0="
        }
      ]
    },
    {
      "mode": "managed",
      "type": "aws_security_group_rule",
      "name": "ACSAllowSSH",
      "provider": "provider.aws",
      "instances": [
        {
          "schema_version": 2,
          "attributes": {
            "cidr_blocks": [
              "0.0.0.0/0"
            ],
            "description": null,
            "from_port": 22,
            "id": "sgrule-4206886968",
            "ipv6_cidr_blocks": null,
            "prefix_list_ids": null,
            "protocol": "tcp",
            "security_group_id": "sg-03224699bf0fce72b",
            "self": false,
            "source_security_group_id": null,
            "to_port": 22,
            "type": "ingress"
          },
          "private": "eyJzY2hlbWFfdmVyc2lvbiI6IjIifQ==",
          "depends_on": [
            "aws_security_group.acs-sg"
          ]
        }
      ]
    },
    {
      "mode": "managed",
      "type": "aws_security_group_rule",
      "name": "ACSOutboundtoAll",
      "provider": "provider.aws",
      "instances": [
        {
          "schema_version": 2,
          "attributes": {
            "cidr_blocks": [
              "0.0.0.0/0"
            ],
            "description": null,
            "from_port": 0,
            "id": "sgrule-1307923783",
            "ipv6_cidr_blocks": null,
            "prefix_list_ids": null,
            "protocol": "-1",
            "security_group_id": "sg-03224699bf0fce72b",
            "self": false,
            "source_security_group_id": null,
            "to_port": 0,
            "type": "egress"
          },
          "private": "eyJzY2hlbWFfdmVyc2lvbiI6IjIifQ==",
          "depends_on": [
            "aws_security_group.acs-sg"
          ]
        }
      ]
    },
    {
      "mode": "managed",
      "type": "aws_security_group_rule",
      "name": "CentosNodeAllowSSH",
      "provider": "provider.aws",
      "instances": [
        {
          "schema_version": 2,
          "attributes": {
            "cidr_blocks": null,
            "description": null,
            "from_port": 22,
            "id": "sgrule-3764844270",
            "ipv6_cidr_blocks": null,
            "prefix_list_ids": null,
            "protocol": "tcp",
            "security_group_id": "sg-0eeeebe87350e0ef1",
            "self": false,
            "source_security_group_id": "sg-03224699bf0fce72b",
            "to_port": 22,
            "type": "ingress"
          },
          "private": "eyJzY2hlbWFfdmVyc2lvbiI6IjIifQ==",
          "depends_on": [
            "aws_security_group.acs-sg",
            "aws_security_group.centos-sg"
          ]
        }
      ]
    },
    {
      "mode": "managed",
      "type": "aws_security_group_rule",
      "name": "CentosOutboundtoAll",
      "provider": "provider.aws",
      "instances": [
        {
          "schema_version": 2,
          "attributes": {
            "cidr_blocks": [
              "0.0.0.0/0"
            ],
            "description": null,
            "from_port": 0,
            "id": "sgrule-614037453",
            "ipv6_cidr_blocks": null,
            "prefix_list_ids": null,
            "protocol": "-1",
            "security_group_id": "sg-0eeeebe87350e0ef1",
            "self": false,
            "source_security_group_id": null,
            "to_port": 0,
            "type": "egress"
          },
          "private": "eyJzY2hlbWFfdmVyc2lvbiI6IjIifQ==",
          "depends_on": [
            "aws_security_group.centos-sg"
          ]
        }
      ]
    },
    {
      "mode": "managed",
      "type": "aws_security_group_rule",
      "name": "NodeAllowWinRM",
      "provider": "provider.aws",
      "instances": [
        {
          "schema_version": 2,
          "attributes": {
            "cidr_blocks": null,
            "description": null,
            "from_port": 5985,
            "id": "sgrule-1468230402",
            "ipv6_cidr_blocks": null,
            "prefix_list_ids": null,
            "protocol": "tcp",
            "security_group_id": "sg-0b1edaeaa1bcde694",
            "self": false,
            "source_security_group_id": "sg-03224699bf0fce72b",
            "to_port": 5985,
            "type": "ingress"
          },
          "private": "eyJzY2hlbWFfdmVyc2lvbiI6IjIifQ==",
          "depends_on": [
            "aws_security_group.acs-sg",
            "aws_security_group.windows-sg"
          ]
        }
      ]
    },
    {
      "mode": "managed",
      "type": "aws_security_group_rule",
      "name": "UbuntuNodeAllowSSH",
      "provider": "provider.aws",
      "instances": [
        {
          "schema_version": 2,
          "attributes": {
            "cidr_blocks": null,
            "description": null,
            "from_port": 22,
            "id": "sgrule-834386674",
            "ipv6_cidr_blocks": null,
            "prefix_list_ids": null,
            "protocol": "tcp",
            "security_group_id": "sg-09ab5c70e7a25dda9",
            "self": false,
            "source_security_group_id": "sg-03224699bf0fce72b",
            "to_port": 22,
            "type": "ingress"
          },
          "private": "eyJzY2hlbWFfdmVyc2lvbiI6IjIifQ==",
          "depends_on": [
            "aws_security_group.acs-sg",
            "aws_security_group.ubuntu-sg"
          ]
        }
      ]
    },
    {
      "mode": "managed",
      "type": "aws_security_group_rule",
      "name": "UbuntuOutboundtoAll",
      "provider": "provider.aws",
      "instances": [
        {
          "schema_version": 2,
          "attributes": {
            "cidr_blocks": [
              "0.0.0.0/0"
            ],
            "description": null,
            "from_port": 0,
            "id": "sgrule-3962489718",
            "ipv6_cidr_blocks": null,
            "prefix_list_ids": null,
            "protocol": "-1",
            "security_group_id": "sg-09ab5c70e7a25dda9",
            "self": false,
            "source_security_group_id": null,
            "to_port": 0,
            "type": "egress"
          },
          "private": "eyJzY2hlbWFfdmVyc2lvbiI6IjIifQ==",
          "depends_on": [
            "aws_security_group.ubuntu-sg"
          ]
        }
      ]
    },
    {
      "mode": "managed",
      "type": "aws_security_group_rule",
      "name": "WindowsNodeAllowRDP",
      "provider": "provider.aws",
      "instances": [
        {
          "schema_version": 2,
          "attributes": {
            "cidr_blocks": [
              "0.0.0.0/0"
            ],
            "description": null,
            "from_port": 3389,
            "id": "sgrule-295445623",
            "ipv6_cidr_blocks": null,
            "prefix_list_ids": null,
            "protocol": "tcp",
            "security_group_id": "sg-0b1edaeaa1bcde694",
            "self": false,
            "source_security_group_id": null,
            "to_port": 3389,
            "type": "ingress"
          },
          "private": "eyJzY2hlbWFfdmVyc2lvbiI6IjIifQ==",
          "depends_on": [
            "aws_security_group.windows-sg"
          ]
        }
      ]
    },
    {
      "mode": "managed",
      "type": "aws_security_group_rule",
      "name": "WindowsOutboundtoAll",
      "provider": "provider.aws",
      "instances": [
        {
          "schema_version": 2,
          "attributes": {
            "cidr_blocks": [
              "0.0.0.0/0"
            ],
            "description": null,
            "from_port": 0,
            "id": "sgrule-1710587793",
            "ipv6_cidr_blocks": null,
            "prefix_list_ids": null,
            "protocol": "-1",
            "security_group_id": "sg-0b1edaeaa1bcde694",
            "self": false,
            "source_security_group_id": null,
            "to_port": 0,
            "type": "egress"
          },
          "private": "eyJzY2hlbWFfdmVyc2lvbiI6IjIifQ==",
          "depends_on": [
            "aws_security_group.windows-sg"
          ]
        }
      ]
    }
  ]
}
